
Microsoft Visual Studio Solution File, Format Version 12.00
# Visual Studio Version 17
VisualStudioVersion = 17.14.36414.22 d17.14
MinimumVisualStudioVersion = 10.0.40219.1
Project("{FAE04EC0-301F-11D3-BF4B-00C04F79EFBC}") = "Ders2", "Ders2\Ders2.csproj", "{6BBA4839-58DA-469A-B610-1B371D84120E}"
EndProject
Global
	GlobalSection(SolutionConfigurationPlatforms) = preSolution
		Debug|Any CPU = Debug|Any CPU
		Release|Any CPU = Release|Any CPU
	EndGlobalSection
	GlobalSection(ProjectConfigurationPlatforms) = postSolution
		{6BBA4839-58DA-469A-B610-1B371D84120E}.Debug|Any CPU.ActiveCfg = Debug|Any CPU
		{6BBA4839-58DA-469A-B610-1B371D84120E}.Debug|Any CPU.Build.0 = Debug|Any CPU
		{6BBA4839-58DA-469A-B610-1B371D84120E}.Release|Any CPU.ActiveCfg = Release|Any CPU
		{6BBA4839-58DA-469A-B610-1B371D84120E}.Release|Any CPU.Build.0 = Release|Any CPU
	EndGlobalSection
	GlobalSection(SolutionProperties) = preSolution
		HideSolutionNode = FALSE
	EndGlobalSection
	GlobalSection(ExtensibilityGlobals) = postSolution
		SolutionGuid = {564F12AC-4010-49FC-A813-01651BEE6473}
	EndGlobalSection
EndGlobal
